# This file is autogenerated, do not edit; changes may be undone by the next 'dep ensure'.


[[projects]]
  branch = "master"
  digest = "1:2e9aa0f821cabc27583176b1157202e565d39263092c5dc4eeddeb9f0a25f5ca"
  name = "github.com/go-gl/gl"
  packages = [
    "v3.2-core/gl",
    "v3.2-core/gl/KHR",
  ]
  pruneopts = "UT"
  revision = "726fda9656d66a68688c09275cd7b8107083bdae"

[[projects]]
  branch = "master"
  digest = "1:7a6377256f670508711c56c25556d639e673c0fa0f519c5a758fdcbfc8af9ac8"
  name = "github.com/golang/freetype"
  packages = [
    ".",
    "raster",
    "truetype",
  ]
  pruneopts = "UT"
  revision = "e2365dfdc4a05e4b8299a783240d4a7d5a65d4e4"

[[projects]]
  digest = "1:aceb5f12370c862105bcf5393a9c9771e2e48aeedaa40bde41e78bf78f10a9ed"
  name = "github.com/tfriedel6/canvas"
  packages = [
    ".",
    "backend/backendbase",
    "backend/goglbackend",
    "backend/goglbackend/gl",
    "sdlcanvas",
  ]
  pruneopts = "UT"
  revision = "631290f5f224853970ce287a328414cc1d69d931"
  version = "v0.12.1"

[[projects]]
  digest = "1:bf3dce3734ca10234bf07045664ef4c1512f6964cac149f61d20f97f62731e64"
  name = "github.com/veandco/go-sdl2"
  packages = [
    "_libs",
    "sdl",
  ]
  pruneopts = "UT"
  revision = "3ae54dc6847115286e0afc97f1676b6a48878b35"
  version = "v0.4.34"

[[projects]]
  digest = "1:b0c125144a5f3bf8b595e01a97742cfb3fd7dab6fb37e0c05c15fbb17b4f995b"
  name = "golang.org/x/image"
  packages = [
    "font",
    "math/fixed",
  ]
  pruneopts = "UT"
  revision = "b6ac75bc5918c3a0a2200faa20aedebc76d5b349"
  version = "v0.6.0"

[solve-meta]
  analyzer-name = "dep"
  analyzer-version = 1
  input-imports = ["github.com/tfriedel6/canvas/sdlcanvas"]
  solver-name = "gps-cdcl"
  solver-version = 1
